{
  "version": 4,
  "terraform_version": "1.12.2",
  "serial": 3,
  "lineage": "b147f27f-c3a9-353c-c4ab-97460a7dbd59",
  "outputs": {
    "droplet_ips": {
      "value": [
        "159.223.117.211"
      ],
      "type": [
        "tuple",
        [
          "string"
        ]
      ]
    }
  },
  "resources": [
    {
      "mode": "data",
      "type": "digitalocean_ssh_key",
      "name": "ssh_key",
      "provider": "provider[\"registry.terraform.io/digitalocean/digitalocean\"]",
      "instances": [
        {
          "schema_version": 0,
          "attributes": {
            "fingerprint": "eb:4d:3f:8f:43:3d:37:8f:ea:8f:f0:8c:25:e6:f4:7c",
            "id": 49838714,
            "name": "55Tech",
            "public_key": "ssh-rsa AAAAB3NzaC1yc2EAAAADAQABAAABAQDdk3Cs57Zq5FYWEVWw+1+/JWLOwt+Qs/bKhqeeZOQ4/USyubD2RGDkwiGFJfIGVlkX7ie5W+xN3M3JNK2irm7Y86peGaz7WLfrW/XKuquOxu/c/Jpn6TaCJhgfrRNtUbTuWGV55TNaHrY90kfFk08VNv+aiDpXrXVvVPS4dTL3i8qVUzvDJeYmS7kT/9JIT4cFaVkV0OXxM4TTwasBpt7DKBLSpnJMbDMN3uSUTAQ77FZjKPMEkztMoMescgAyQk3+wCfq68cpHYdpsrcihDqkTplrdHL2OrG2bnjIe8JTOvrJt+ksU9wauzA8iacTOdbK546OfQ1Z5Kz+k/9b2XvN 55tech@DESKTOP-LP4RIEO"
          },
          "sensitive_attributes": [],
          "identity_schema_version": 0
        }
      ]
    },
    {
      "mode": "data",
      "type": "digitalocean_ssh_key",
      "name": "ssh_key_2",
      "provider": "provider[\"registry.terraform.io/digitalocean/digitalocean\"]",
      "instances": [
        {
          "schema_version": 0,
          "attributes": {
            "fingerprint": "13:78:e3:2d:d8:cc:eb:7e:6d:02:8d:38:d5:7d:27:e1",
            "id": 49856279,
            "name": "PC2",
            "public_key": "ssh-ed25519 AAAAC3NzaC1lZDI1NTE5AAAAIE7HIaOZzhQOxay3Q420mD1VpMyu37dOmacrNkkrcFu/ soupabloliveira@gmail.com"
          },
          "sensitive_attributes": [],
          "identity_schema_version": 0
        }
      ]
    },
    {
      "mode": "managed",
      "type": "digitalocean_droplet",
      "name": "vm_basic",
      "provider": "provider[\"registry.terraform.io/digitalocean/digitalocean\"]",
      "instances": [
        {
          "index_key": 0,
          "schema_version": 1,
          "attributes": {
            "backup_policy": [],
            "backups": false,
            "created_at": "2025-08-19T19:37:29Z",
            "disk": 50,
            "droplet_agent": null,
            "graceful_shutdown": false,
            "id": "514210090",
            "image": "ubuntu-22-04-x64",
            "ipv4_address": "159.223.117.211",
            "ipv4_address_private": "10.116.0.3",
            "ipv6": false,
            "ipv6_address": "",
            "locked": false,
            "memory": 2048,
            "monitoring": false,
            "name": "vm-basic-0",
            "price_hourly": 0.01786,
            "price_monthly": 12,
            "private_networking": true,
            "region": "nyc1",
            "resize_disk": true,
            "size": "s-1vcpu-2gb",
            "ssh_keys": [
              "49838714",
              "49856279"
            ],
            "status": "active",
            "tags": null,
            "timeouts": null,
            "urn": "do:droplet:514210090",
            "user_data": null,
            "vcpus": 1,
            "volume_ids": [],
            "vpc_uuid": "d44466f1-8134-4bc5-abf4-b90b4bedd343"
          },
          "sensitive_attributes": [],
          "identity_schema_version": 0,
          "private": "eyJlMmJmYjczMC1lY2FhLTExZTYtOGY4OC0zNDM2M2JjN2M0YzAiOnsiY3JlYXRlIjozNjAwMDAwMDAwMDAwLCJkZWxldGUiOjYwMDAwMDAwMDAwLCJ1cGRhdGUiOjM2MDAwMDAwMDAwMDB9LCJzY2hlbWFfdmVyc2lvbiI6IjEifQ==",
          "dependencies": [
            "data.digitalocean_ssh_key.ssh_key",
            "data.digitalocean_ssh_key.ssh_key_2"
          ]
        }
      ]
    }
  ],
  "check_results": null
}
