{
  "version": 4,
  "terraform_version": "1.12.2",
  "serial": 3,
  "lineage": "09b62f05-565e-19cd-909c-b1a8a6402b12",
  "outputs": {
    "droplet_ips": {
      "value": [
        "137.184.19.123"
      ],
      "type": [
        "tuple",
        [
          "string"
        ]
      ]
    }
  },
  "resources": [
    {
      "mode": "data",
      "type": "digitalocean_ssh_key",
      "name": "ssh_key",
      "provider": "provider[\"registry.terraform.io/digitalocean/digitalocean\"]",
      "instances": [
        {
          "schema_version": 0,
          "attributes": {
            "fingerprint": "eb:4d:3f:8f:43:3d:37:8f:ea:8f:f0:8c:25:e6:f4:7c",
            "id": 49838714,
            "name": "55Tech",
            "public_key": "ssh-rsa AAAAB3NzaC1yc2EAAAADAQABAAABAQDdk3Cs57Zq5FYWEVWw+1+/JWLOwt+Qs/bKhqeeZOQ4/USyubD2RGDkwiGFJfIGVlkX7ie5W+xN3M3JNK2irm7Y86peGaz7WLfrW/XKuquOxu/c/Jpn6TaCJhgfrRNtUbTuWGV55TNaHrY90kfFk08VNv+aiDpXrXVvVPS4dTL3i8qVUzvDJeYmS7kT/9JIT4cFaVkV0OXxM4TTwasBpt7DKBLSpnJMbDMN3uSUTAQ77FZjKPMEkztMoMescgAyQk3+wCfq68cpHYdpsrcihDqkTplrdHL2OrG2bnjIe8JTOvrJt+ksU9wauzA8iacTOdbK546OfQ1Z5Kz+k/9b2XvN 55tech@DESKTOP-LP4RIEO"
          },
          "sensitive_attributes": [],
          "identity_schema_version": 0
        }
      ]
    },
    {
      "mode": "data",
      "type": "digitalocean_ssh_key",
      "name": "ssh_key_2",
      "provider": "provider[\"registry.terraform.io/digitalocean/digitalocean\"]",
      "instances": [
        {
          "schema_version": 0,
          "attributes": {
            "fingerprint": "13:78:e3:2d:d8:cc:eb:7e:6d:02:8d:38:d5:7d:27:e1",
            "id": 49856279,
            "name": "PC2",
            "public_key": "ssh-ed25519 AAAAC3NzaC1lZDI1NTE5AAAAIE7HIaOZzhQOxay3Q420mD1VpMyu37dOmacrNkkrcFu/ soupabloliveira@gmail.com"
          },
          "sensitive_attributes": [],
          "identity_schema_version": 0
        }
      ]
    },
    {
      "mode": "managed",
      "type": "digitalocean_droplet",
      "name": "vm_basic",
      "provider": "provider[\"registry.terraform.io/digitalocean/digitalocean\"]",
      "instances": [
        {
          "index_key": 0,
          "schema_version": 1,
          "attributes": {
            "backup_policy": [],
            "backups": false,
            "created_at": "2025-08-19T19:46:14Z",
            "disk": 50,
            "droplet_agent": null,
            "graceful_shutdown": false,
            "id": "514210854",
            "image": "ubuntu-22-04-x64",
            "ipv4_address": "137.184.19.123",
            "ipv4_address_private": "10.116.0.4",
            "ipv6": false,
            "ipv6_address": "",
            "locked": false,
            "memory": 2048,
            "monitoring": false,
            "name": "vm-basic-0",
            "price_hourly": 0.01786,
            "price_monthly": 12,
            "private_networking": true,
            "region": "nyc1",
            "resize_disk": true,
            "size": "s-1vcpu-2gb",
            "ssh_keys": [
              "49838714",
              "49856279"
            ],
            "status": "active",
            "tags": null,
            "timeouts": null,
            "urn": "do:droplet:514210854",
            "user_data": null,
            "vcpus": 1,
            "volume_ids": [],
            "vpc_uuid": "d44466f1-8134-4bc5-abf4-b90b4bedd343"
          },
          "sensitive_attributes": [],
          "identity_schema_version": 0,
          "private": "eyJlMmJmYjczMC1lY2FhLTExZTYtOGY4OC0zNDM2M2JjN2M0YzAiOnsiY3JlYXRlIjozNjAwMDAwMDAwMDAwLCJkZWxldGUiOjYwMDAwMDAwMDAwLCJ1cGRhdGUiOjM2MDAwMDAwMDAwMDB9LCJzY2hlbWFfdmVyc2lvbiI6IjEifQ==",
          "dependencies": [
            "data.digitalocean_ssh_key.ssh_key",
            "data.digitalocean_ssh_key.ssh_key_2"
          ]
        }
      ]
    },
    {
      "mode": "managed",
      "type": "digitalocean_firewall",
      "name": "firewall_basic",
      "provider": "provider[\"registry.terraform.io/digitalocean/digitalocean\"]",
      "instances": [
        {
          "schema_version": 0,
          "attributes": {
            "created_at": "2025-08-19T19:46:48Z",
            "droplet_ids": [
              514210854
            ],
            "id": "160ffe9e-99ae-4100-9cf4-05e2ff15b3d8",
            "inbound_rule": [
              {
                "port_range": "22",
                "protocol": "tcp",
                "source_addresses": [
                  "0.0.0.0/0",
                  "::/0"
                ],
                "source_droplet_ids": [],
                "source_kubernetes_ids": [],
                "source_load_balancer_uids": [],
                "source_tags": []
              },
              {
                "port_range": "443",
                "protocol": "tcp",
                "source_addresses": [
                  "0.0.0.0/0",
                  "::/0"
                ],
                "source_droplet_ids": [],
                "source_kubernetes_ids": [],
                "source_load_balancer_uids": [],
                "source_tags": []
              },
              {
                "port_range": "53",
                "protocol": "tcp",
                "source_addresses": [
                  "0.0.0.0/0",
                  "::/0"
                ],
                "source_droplet_ids": [],
                "source_kubernetes_ids": [],
                "source_load_balancer_uids": [],
                "source_tags": []
              },
              {
                "port_range": "80",
                "protocol": "tcp",
                "source_addresses": [
                  "0.0.0.0/0",
                  "::/0"
                ],
                "source_droplet_ids": [],
                "source_kubernetes_ids": [],
                "source_load_balancer_uids": [],
                "source_tags": []
              }
            ],
            "name": "firewall-basic",
            "outbound_rule": [
              {
                "destination_addresses": [
                  "0.0.0.0/0",
                  "::/0"
                ],
                "destination_droplet_ids": [],
                "destination_kubernetes_ids": [],
                "destination_load_balancer_uids": [],
                "destination_tags": [],
                "port_range": "22",
                "protocol": "tcp"
              },
              {
                "destination_addresses": [
                  "0.0.0.0/0",
                  "::/0"
                ],
                "destination_droplet_ids": [],
                "destination_kubernetes_ids": [],
                "destination_load_balancer_uids": [],
                "destination_tags": [],
                "port_range": "443",
                "protocol": "tcp"
              },
              {
                "destination_addresses": [
                  "0.0.0.0/0",
                  "::/0"
                ],
                "destination_droplet_ids": [],
                "destination_kubernetes_ids": [],
                "destination_load_balancer_uids": [],
                "destination_tags": [],
                "port_range": "53",
                "protocol": "tcp"
              },
              {
                "destination_addresses": [
                  "0.0.0.0/0",
                  "::/0"
                ],
                "destination_droplet_ids": [],
                "destination_kubernetes_ids": [],
                "destination_load_balancer_uids": [],
                "destination_tags": [],
                "port_range": "80",
                "protocol": "tcp"
              }
            ],
            "pending_changes": [
              {
                "droplet_id": 514210854,
                "removing": false,
                "status": "waiting"
              }
            ],
            "status": "waiting",
            "tags": null
          },
          "sensitive_attributes": [],
          "identity_schema_version": 0,
          "private": "bnVsbA==",
          "dependencies": [
            "data.digitalocean_ssh_key.ssh_key",
            "data.digitalocean_ssh_key.ssh_key_2",
            "digitalocean_droplet.vm_basic"
          ]
        }
      ]
    }
  ],
  "check_results": null
}
